// !$*UTF8*$!
{
	archiveVersion = 1;
	classes = {
	};
	objectVersion = 46;
	objects = {

/* Begin PBXBuildFile section */
		478F4F29EA043CD21A70A20F /* Pods_IGListKitCellSizeCrashing.framework in Frameworks */ = {isa = PBXBuildFile; fileRef = 79D1B07243AF8F28B229C2A8 /* Pods_IGListKitCellSizeCrashing.framework */; };
		BFC9E8E41E3BB8760070490B /* AppDelegate.swift in Sources */ = {isa = PBXBuildFile; fileRef = BFC9E8E31E3BB8760070490B /* AppDelegate.swift */; };
		BFC9E8E61E3BB8760070490B /* ViewController.swift in Sources */ = {isa = PBXBuildFile; fileRef = BFC9E8E51E3BB8760070490B /* ViewController.swift */; };
		BFC9E8E91E3BB8760070490B /* Main.storyboard in Resources */ = {isa = PBXBuildFile; fileRef = BFC9E8E71E3BB8760070490B /* Main.storyboard */; };
		BFC9E8EB1E3BB8760070490B /* Assets.xcassets in Resources */ = {isa = PBXBuildFile; fileRef = BFC9E8EA1E3BB8760070490B /* Assets.xcassets */; };
		BFC9E8EE1E3BB8760070490B /* LaunchScreen.storyboard in Resources */ = {isa = PBXBuildFile; fileRef = BFC9E8EC1E3BB8760070490B /* LaunchScreen.storyboard */; };
		BFC9E8F61E3BC4610070490B /* Model.swift in Sources */ = {isa = PBXBuildFile; fileRef = BFC9E8F51E3BC4610070490B /* Model.swift */; };
		BFC9E8F81E3BC4880070490B /* SectionControllers.swift in Sources */ = {isa = PBXBuildFile; fileRef = BFC9E8F71E3BC4880070490B /* SectionControllers.swift */; };
		BFC9E8FA1E3BC4A40070490B /* Cells.swift in Sources */ = {isa = PBXBuildFile; fileRef = BFC9E8F91E3BC4A40070490B /* Cells.swift */; };
/* End PBXBuildFile section */

/* Begin PBXFileReference section */
		79D1B07243AF8F28B229C2A8 /* Pods_IGListKitCellSizeCrashing.framework */ = {isa = PBXFileReference; explicitFileType = wrapper.framework; includeInIndex = 0; path = Pods_IGListKitCellSizeCrashing.framework; sourceTree = BUILT_PRODUCTS_DIR; };
		913A7ABF9A2E71697FE262CC /* Pods-IGListKitCellSizeCrashing.release.xcconfig */ = {isa = PBXFileReference; includeInIndex = 1; lastKnownFileType = text.xcconfig; name = "Pods-IGListKitCellSizeCrashing.release.xcconfig"; path = "Pods/Target Support Files/Pods-IGListKitCellSizeCrashing/Pods-IGListKitCellSizeCrashing.release.xcconfig"; sourceTree = "<group>"; };
		BFC9E8E01E3BB8760070490B /* IGListKitCellSizeCrashing.app */ = {isa = PBXFileReference; explicitFileType = wrapper.application; includeInIndex = 0; path = IGListKitCellSizeCrashing.app; sourceTree = BUILT_PRODUCTS_DIR; };
		BFC9E8E31E3BB8760070490B /* AppDelegate.swift */ = {isa = PBXFileReference; lastKnownFileType = sourcecode.swift; path = AppDelegate.swift; sourceTree = "<group>"; };
		BFC9E8E51E3BB8760070490B /* ViewController.swift */ = {isa = PBXFileReference; lastKnownFileType = sourcecode.swift; path = ViewController.swift; sourceTree = "<group>"; };
		BFC9E8E81E3BB8760070490B /* Base */ = {isa = PBXFileReference; lastKnownFileType = file.storyboard; name = Base; path = Base.lproj/Main.storyboard; sourceTree = "<group>"; };
		BFC9E8EA1E3BB8760070490B /* Assets.xcassets */ = {isa = PBXFileReference; lastKnownFileType = folder.assetcatalog; path = Assets.xcassets; sourceTree = "<group>"; };
		BFC9E8ED1E3BB8760070490B /* Base */ = {isa = PBXFileReference; lastKnownFileType = file.storyboard; name = Base; path = Base.lproj/LaunchScreen.storyboard; sourceTree = "<group>"; };
		BFC9E8EF1E3BB8760070490B /* Info.plist */ = {isa = PBXFileReference; lastKnownFileType = text.plist.xml; path = Info.plist; sourceTree = "<group>"; };
		BFC9E8F51E3BC4610070490B /* Model.swift */ = {isa = PBXFileReference; fileEncoding = 4; lastKnownFileType = sourcecode.swift; path = Model.swift; sourceTree = "<group>"; };
		BFC9E8F71E3BC4880070490B /* SectionControllers.swift */ = {isa = PBXFileReference; fileEncoding = 4; lastKnownFileType = sourcecode.swift; path = SectionControllers.swift; sourceTree = "<group>"; };
		BFC9E8F91E3BC4A40070490B /* Cells.swift */ = {isa = PBXFileReference; fileEncoding = 4; lastKnownFileType = sourcecode.swift; path = Cells.swift; sourceTree = "<group>"; };
		EBE5AC19EA134E40A9F29FC8 /* Pods-IGListKitCellSizeCrashing.debug.xcconfig */ = {isa = PBXFileReference; includeInIndex = 1; lastKnownFileType = text.xcconfig; name = "Pods-IGListKitCellSizeCrashing.debug.xcconfig"; path = "Pods/Target Support Files/Pods-IGListKitCellSizeCrashing/Pods-IGListKitCellSizeCrashing.debug.xcconfig"; sourceTree = "<group>"; };
/* End PBXFileReference section */

/* Begin PBXFrameworksBuildPhase section */
		BFC9E8DD1E3BB8760070490B /* Frameworks */ = {
			isa = PBXFrameworksBuildPhase;
			buildActionMask = 2147483647;
			files = (
				478F4F29EA043CD21A70A20F /* Pods_IGListKitCellSizeCrashing.framework in Frameworks */,
			);
			runOnlyForDeploymentPostprocessing = 0;
		};
/* End PBXFrameworksBuildPhase section */

/* Begin PBXGroup section */
		B0F81B87F9AD19761790F703 /* Frameworks */ = {
			isa = PBXGroup;
			children = (
				79D1B07243AF8F28B229C2A8 /* Pods_IGListKitCellSizeCrashing.framework */,
			);
			name = Frameworks;
			sourceTree = "<group>";
		};
		BFC9E8D71E3BB8760070490B = {
			isa = PBXGroup;
			children = (
				BFC9E8E21E3BB8760070490B /* IGListKitCellSizeCrashing */,
				BFC9E8E11E3BB8760070490B /* Products */,
				D86C7B50AD2BE1EC9B979EFA /* Pods */,
				B0F81B87F9AD19761790F703 /* Frameworks */,
			);
			sourceTree = "<group>";
		};
		BFC9E8E11E3BB8760070490B /* Products */ = {
			isa = PBXGroup;
			children = (
				BFC9E8E01E3BB8760070490B /* IGListKitCellSizeCrashing.app */,
			);
			name = Products;
			sourceTree = "<group>";
		};
		BFC9E8E21E3BB8760070490B /* IGListKitCellSizeCrashing */ = {
			isa = PBXGroup;
			children = (
				BFC9E8E51E3BB8760070490B /* ViewController.swift */,
				BFC9E8F51E3BC4610070490B /* Model.swift */,
				BFC9E8F71E3BC4880070490B /* SectionControllers.swift */,
				BFC9E8F91E3BC4A40070490B /* Cells.swift */,
				BFC9E8E71E3BB8760070490B /* Main.storyboard */,
				BFC9E8EA1E3BB8760070490B /* Assets.xcassets */,
				BFC9E8EC1E3BB8760070490B /* LaunchScreen.storyboard */,
				BFC9E8EF1E3BB8760070490B /* Info.plist */,
				BFC9E8E31E3BB8760070490B /* AppDelegate.swift */,
			);
			path = IGListKitCellSizeCrashing;
			sourceTree = "<group>";
		};
		D86C7B50AD2BE1EC9B979EFA /* Pods */ = {
			isa = PBXGroup;
			children = (
				EBE5AC19EA134E40A9F29FC8 /* Pods-IGListKitCellSizeCrashing.debug.xcconfig */,
				913A7ABF9A2E71697FE262CC /* Pods-IGListKitCellSizeCrashing.release.xcconfig */,
			);
			name = Pods;
			sourceTree = "<group>";
		};
/* End PBXGroup section */

/* Begin PBXNativeTarget section */
		BFC9E8DF1E3BB8760070490B /* IGListKitCellSizeCrashing */ = {
			isa = PBXNativeTarget;
			buildConfigurationList = BFC9E8F21E3BB8760070490B /* Build configuration list for PBXNativeTarget "IGListKitCellSizeCrashing" */;
			buildPhases = (
				819C0B1FEA43CAD372D458D7 /* [CP] Check Pods Manifest.lock */,
				BFC9E8DC1E3BB8760070490B /* Sources */,
				BFC9E8DD1E3BB8760070490B /* Frameworks */,
				BFC9E8DE1E3BB8760070490B /* Resources */,
				E7DFAB16F8C270E19C18623F /* [CP] Embed Pods Frameworks */,
				6CE1C0B86FB3EDA85CF7D2AF /* [CP] Copy Pods Resources */,
			);
			buildRules = (
			);
			dependencies = (
			);
			name = IGListKitCellSizeCrashing;
			productName = IGListKitCellSizeCrashing;
			productReference = BFC9E8E01E3BB8760070490B /* IGListKitCellSizeCrashing.app */;
			productType = "com.apple.product-type.application";
		};
/* End PBXNativeTarget section */

/* Begin PBXProject section */
		BFC9E8D81E3BB8760070490B /* Project object */ = {
			isa = PBXProject;
			attributes = {
				LastSwiftUpdateCheck = 0820;
				LastUpgradeCheck = 0820;
				ORGANIZATIONNAME = "Shane Qi";
				TargetAttributes = {
					BFC9E8DF1E3BB8760070490B = {
						CreatedOnToolsVersion = 8.2;
						DevelopmentTeam = L2EY42T35G;
						ProvisioningStyle = Automatic;
					};
				};
			};
			buildConfigurationList = BFC9E8DB1E3BB8760070490B /* Build configuration list for PBXProject "IGListKitCellSizeCrashing" */;
			compatibilityVersion = "Xcode 3.2";
			developmentRegion = English;
			hasScannedForEncodings = 0;
			knownRegions = (
				en,
				Base,
			);
			mainGroup = BFC9E8D71E3BB8760070490B;
			productRefGroup = BFC9E8E11E3BB8760070490B /* Products */;
			projectDirPath = "";
			projectRoot = "";
			targets = (
				BFC9E8DF1E3BB8760070490B /* IGListKitCellSizeCrashing */,
			);
		};
/* End PBXProject section */

/* Begin PBXResourcesBuildPhase section */
		BFC9E8DE1E3BB8760070490B /* Resources */ = {
			isa = PBXResourcesBuildPhase;
			buildActionMask = 2147483647;
			files = (
				BFC9E8EE1E3BB8760070490B /* LaunchScreen.storyboard in Resources */,
				BFC9E8EB1E3BB8760070490B /* Assets.xcassets in Resources */,
				BFC9E8E91E3BB8760070490B /* Main.storyboard in Resources */,
			);
			runOnlyForDeploymentPostprocessing = 0;
		};
/* End PBXResourcesBuildPhase section */

/* Begin PBXShellScriptBuildPhase section */
		6CE1C0B86FB3EDA85CF7D2AF /* [CP] Copy Pods Resources */ = {
			isa = PBXShellScriptBuildPhase;
			buildActionMask = 2147483647;
			files = (
			);
			inputPaths = (
			);
			name = "[CP] Copy Pods Resources";
			outputPaths = (
			);
			runOnlyForDeploymentPostprocessing = 0;
			shellPath = /bin/sh;
			shellScript = "\"${SRCROOT}/Pods/Target Support Files/Pods-IGListKitCellSizeCrashing/Pods-IGListKitCellSizeCrashing-resources.sh\"\n";
			showEnvVarsInLog = 0;
		};
		819C0B1FEA43CAD372D458D7 /* [CP] Check Pods Manifest.lock */ = {
			isa = PBXShellScriptBuildPhase;
			buildActionMask = 2147483647;
			files = (
			);
			inputPaths = (
			);
			name = "[CP] Check Pods Manifest.lock";
			outputPaths = (
			);
			runOnlyForDeploymentPostprocessing = 0;
			shellPath = /bin/sh;
			shellScript = "diff \"${PODS_PODFILE_DIR_PATH}/Podfile.lock\" \"${PODS_ROOT}/Manifest.lock\" > /dev/null\nif [ $? != 0 ] ; then\n    # print error to STDERR\n    echo \"error: The sandbox is not in sync with the Podfile.lock. Run 'pod install' or update your CocoaPods installation.\" >&2\n    exit 1\nfi\n";
			showEnvVarsInLog = 0;
		};
		E7DFAB16F8C270E19C18623F /* [CP] Embed Pods Frameworks */ = {
			isa = PBXShellScriptBuildPhase;
			buildActionMask = 2147483647;
			files = (
			);
			inputPaths = (
			);
			name = "[CP] Embed Pods Frameworks";
			outputPaths = (
			);
			runOnlyForDeploymentPostprocessing = 0;
			shellPath = /bin/sh;
			shellScript = "\"${SRCROOT}/Pods/Target Support Files/Pods-IGListKitCellSizeCrashing/Pods-IGListKitCellSizeCrashing-frameworks.sh\"\n";
			showEnvVarsInLog = 0;
		};
/* End PBXShellScriptBuildPhase section */

/* Begin PBXSourcesBuildPhase section */
		BFC9E8DC1E3BB8760070490B /* Sources */ = {
			isa = PBXSourcesBuildPhase;
			buildActionMask = 2147483647;
			files = (
				BFC9E8F61E3BC4610070490B /* Model.swift in Sources */,
				BFC9E8E61E3BB8760070490B /* ViewController.swift in Sources */,
				BFC9E8E41E3BB8760070490B /* AppDelegate.swift in Sources */,
				BFC9E8F81E3BC4880070490B /* SectionControllers.swift in Sources */,
				BFC9E8FA1E3BC4A40070490B /* Cells.swift in Sources */,
			);
			runOnlyForDeploymentPostprocessing = 0;
		};
/* End PBXSourcesBuildPhase section */

/* Begin PBXVariantGroup section */
		BFC9E8E71E3BB8760070490B /* Main.storyboard */ = {
			isa = PBXVariantGroup;
			children = (
				BFC9E8E81E3BB8760070490B /* Base */,
			);
			name = Main.storyboard;
			sourceTree = "<group>";
		};
		BFC9E8EC1E3BB8760070490B /* LaunchScreen.storyboard */ = {
			isa = PBXVariantGroup;
			children = (
				BFC9E8ED1E3BB8760070490B /* Base */,
			);
			name = LaunchScreen.storyboard;
			sourceTree = "<group>";
		};
/* End PBXVariantGroup section */

/* Begin XCBuildConfiguration section */
		BFC9E8F01E3BB8760070490B /* Debug */ = {
			isa = XCBuildConfiguration;
			buildSettings = {
				ALWAYS_SEARCH_USER_PATHS = NO;
				CLANG_ANALYZER_NONNULL = YES;
				CLANG_CXX_LANGUAGE_STANDARD = "gnu++0x";
				CLANG_CXX_LIBRARY = "libc++";
				CLANG_ENABLE_MODULES = YES;
				CLANG_ENABLE_OBJC_ARC = YES;
				CLANG_WARN_BOOL_CONVERSION = YES;
				CLANG_WARN_CONSTANT_CONVERSION = YES;
				CLANG_WARN_DIRECT_OBJC_ISA_USAGE = YES_ERROR;
				CLANG_WARN_DOCUMENTATION_COMMENTS = YES;
				CLANG_WARN_EMPTY_BODY = YES;
				CLANG_WARN_ENUM_CONVERSION = YES;
				CLANG_WARN_INFINITE_RECURSION = YES;
				CLANG_WARN_INT_CONVERSION = YES;
				CLANG_WARN_OBJC_ROOT_CLASS = YES_ERROR;
				CLANG_WARN_SUSPICIOUS_MOVE = YES;
				CLANG_WARN_UNREACHABLE_CODE = YES;
				CLANG_WARN__DUPLICATE_METHOD_MATCH = YES;
				"CODE_SIGN_IDENTITY[sdk=iphoneos*]" = "iPhone Developer";
				COPY_PHASE_STRIP = NO;
				DEBUG_INFORMATION_FORMAT = dwarf;
				ENABLE_STRICT_OBJC_MSGSEND = YES;
				ENABLE_TESTABILITY = YES;
				GCC_C_LANGUAGE_STANDARD = gnu99;
				GCC_DYNAMIC_NO_PIC = NO;
				GCC_NO_COMMON_BLOCKS = YES;
				GCC_OPTIMIZATION_LEVEL = 0;
				GCC_PREPROCESSOR_DEFINITIONS = (
					"DEBUG=1",
					"$(inherited)",
				);
				GCC_WARN_64_TO_32_BIT_CONVERSION = YES;
				GCC_WARN_ABOUT_RETURN_TYPE = YES_ERROR;
				GCC_WARN_UNDECLARED_SELECTOR = YES;
				GCC_WARN_UNINITIALIZED_AUTOS = YES_AGGRESSIVE;
				GCC_WARN_UNUSED_FUNCTION = YES;
				GCC_WARN_UNUSED_VARIABLE = YES;
				IPHONEOS_DEPLOYMENT_TARGET = 10.2;
				MTL_ENABLE_DEBUG_INFO = YES;
				ONLY_ACTIVE_ARCH = YES;
				SDKROOT = iphoneos;
				SWIFT_ACTIVE_COMPILATION_CONDITIONS = DEBUG;
				SWIFT_OPTIMIZATION_LEVEL = "-Onone";
			};
			name = Debug;
		};
		BFC9E8F11E3BB8760070490B /* Release */ = {
			isa = XCBuildConfiguration;
			buildSettings = {
				ALWAYS_SEARCH_USER_PATHS = NO;
				CLANG_ANALYZER_NONNULL = YES;
				CLANG_CXX_LANGUAGE_STANDARD = "gnu++0x";
				CLANG_CXX_LIBRARY = "libc++";
				CLANG_ENABLE_MODULES = YES;
				CLANG_ENABLE_OBJC_ARC = YES;
				CLANG_WARN_BOOL_CONVERSION = YES;
				CLANG_WARN_CONSTANT_CONVERSION = YES;
				CLANG_WARN_DIRECT_OBJC_ISA_USAGE = YES_ERROR;
				CLANG_WARN_DOCUMENTATION_COMMENTS = YES;
				CLANG_WARN_EMPTY_BODY = YES;
				CLANG_WARN_ENUM_CONVERSION = YES;
				CLANG_WARN_INFINITE_RECURSION = YES;
				CLANG_WARN_INT_CONVERSION = YES;
				CLANG_WARN_OBJC_ROOT_CLASS = YES_ERROR;
				CLANG_WARN_SUSPICIOUS_MOVE = YES;
				CLANG_WARN_UNREACHABLE_CODE = YES;
				CLANG_WARN__DUPLICATE_METHOD_MATCH = YES;
				"CODE_SIGN_IDENTITY[sdk=iphoneos*]" = "iPhone Developer";
				COPY_PHASE_STRIP = NO;
				DEBUG_INFORMATION_FORMAT = "dwarf-with-dsym";
				ENABLE_NS_ASSERTIONS = NO;
				ENABLE_STRICT_OBJC_MSGSEND = YES;
				GCC_C_LANGUAGE_STANDARD = gnu99;
				GCC_NO_COMMON_BLOCKS = YES;
				GCC_WARN_64_TO_32_BIT_CONVERSION = YES;
				GCC_WARN_ABOUT_RETURN_TYPE = YES_ERROR;
				GCC_WARN_UNDECLARED_SELECTOR = YES;
				GCC_WARN_UNINITIALIZED_AUTOS = YES_AGGRESSIVE;
				GCC_WARN_UNUSED_FUNCTION = YES;
				GCC_WARN_UNUSED_VARIABLE = YES;
				IPHONEOS_DEPLOYMENT_TARGET = 10.2;
				MTL_ENABLE_DEBUG_INFO = NO;
				SDKROOT = iphoneos;
				SWIFT_OPTIMIZATION_LEVEL = "-Owholemodule";
				VALIDATE_PRODUCT = YES;
			};
			name = Release;
		};
		BFC9E8F31E3BB8760070490B /* Debug */ = {
			isa = XCBuildConfiguration;
			baseConfigurationReference = EBE5AC19EA134E40A9F29FC8 /* Pods-IGListKitCellSizeCrashing.debug.xcconfig */;
			buildSettings = {
				ASSETCATALOG_COMPILER_APPICON_NAME = AppIcon;
				DEVELOPMENT_TEAM = L2EY42T35G;
				INFOPLIST_FILE = IGListKitCellSizeCrashing/Info.plist;
				LD_RUNPATH_SEARCH_PATHS = "$(inherited) @executable_path/Frameworks";
				PRODUCT_BUNDLE_IDENTIFIER = com.github.shaneqi.IGListKitCellSizeCrashing;
				PRODUCT_NAME = "$(TARGET_NAME)";
				SWIFT_VERSION = 3.0;
			};
			name = Debug;
		};
		BFC9E8F41E3BB8760070490B /* Release */ = {
			isa = XCBuildConfiguration;
			baseConfigurationReference = 913A7ABF9A2E71697FE262CC /* Pods-IGListKitCellSizeCrashing.release.xcconfig */;
			buildSettings = {
				ASSETCATALOG_COMPILER_APPICON_NAME = AppIcon;
				DEVELOPMENT_TEAM = L2EY42T35G;
				INFOPLIST_FILE = IGListKitCellSizeCrashing/Info.plist;
				LD_RUNPATH_SEARCH_PATHS = "$(inherited) @executable_path/Frameworks";
				PRODUCT_BUNDLE_IDENTIFIER = com.github.shaneqi.IGListKitCellSizeCrashing;
				PRODUCT_NAME = "$(TARGET_NAME)";
				SWIFT_VERSION = 3.0;
			};
			name = Release;
		};
/* End XCBuildConfiguration section */

/* Begin XCConfigurationList section */
		BFC9E8DB1E3BB8760070490B /* Build configuration list for PBXProject "IGListKitCellSizeCrashing" */ = {
			isa = XCConfigurationList;
			buildConfigurations = (
				BFC9E8F01E3BB8760070490B /* Debug */,
				BFC9E8F11E3BB8760070490B /* Release */,
			);
			defaultConfigurationIsVisible = 0;
			defaultConfigurationName = Release;
		};
		BFC9E8F21E3BB8760070490B /* Build configuration list for PBXNativeTarget "IGListKitCellSizeCrashing" */ = {
			isa = XCConfigurationList;
			buildConfigurations = (
				BFC9E8F31E3BB8760070490B /* Debug */,
				BFC9E8F41E3BB8760070490B /* Release */,
			);
			defaultConfigurationIsVisible = 0;
			defaultConfigurationName = Release;
		};
/* End XCConfigurationList section */
	};
	rootObject = BFC9E8D81E3BB8760070490B /* Project object */;
}
